
Microsoft Visual Studio Solution File, Format Version 12.00
# Visual Studio Version 16
VisualStudioVersion = 16.0.29728.190
MinimumVisualStudioVersion = 10.0.40219.1
Project("{FAE04EC0-301F-11D3-BF4B-00C04F79EFBC}") = "FizzBuzzCSharp", "FizzBuzzCSharp\FizzBuzzCSharp.csproj", "{E896455D-8E10-47AF-9E47-049EE4FA9EF8}"
EndProject
Project("{FAE04EC0-301F-11D3-BF4B-00C04F79EFBC}") = "FizzBuzzTests", "FizzBuzzTests\FizzBuzzTests.csproj", "{4BB6FAB1-25DC-4846-B22E-29EA49BA1819}"
EndProject
Global
	GlobalSection(SolutionConfigurationPlatforms) = preSolution
		Debug|Any CPU = Debug|Any CPU
		Release|Any CPU = Release|Any CPU
	EndGlobalSection
	GlobalSection(ProjectConfigurationPlatforms) = postSolution
		{E896455D-8E10-47AF-9E47-049EE4FA9EF8}.Debug|Any CPU.ActiveCfg = Debug|Any CPU
		{E896455D-8E10-47AF-9E47-049EE4FA9EF8}.Debug|Any CPU.Build.0 = Debug|Any CPU
		{E896455D-8E10-47AF-9E47-049EE4FA9EF8}.Release|Any CPU.ActiveCfg = Release|Any CPU
		{E896455D-8E10-47AF-9E47-049EE4FA9EF8}.Release|Any CPU.Build.0 = Release|Any CPU
		{4BB6FAB1-25DC-4846-B22E-29EA49BA1819}.Debug|Any CPU.ActiveCfg = Debug|Any CPU
		{4BB6FAB1-25DC-4846-B22E-29EA49BA1819}.Debug|Any CPU.Build.0 = Debug|Any CPU
		{4BB6FAB1-25DC-4846-B22E-29EA49BA1819}.Release|Any CPU.ActiveCfg = Release|Any CPU
		{4BB6FAB1-25DC-4846-B22E-29EA49BA1819}.Release|Any CPU.Build.0 = Release|Any CPU
	EndGlobalSection
	GlobalSection(SolutionProperties) = preSolution
		HideSolutionNode = FALSE
	EndGlobalSection
	GlobalSection(ExtensibilityGlobals) = postSolution
		SolutionGuid = {974D0503-04F8-436F-B78F-36F6877CB712}
	EndGlobalSection
EndGlobal
